
Microsoft Visual Studio Solution File, Format Version 12.00
# Visual Studio Version 17
VisualStudioVersion = 17.1.32407.343
MinimumVisualStudioVersion = 10.0.40219.1
Project("{9A19103F-16F7-4668-BE54-9A1E7A4F7556}") = "BlassaApi", "BlassaApi\BlassaApi.csproj", "{FF3E5765-6A08-48A7-9D44-3CC16E18EEF2}"
EndProject
Project("{2150E333-8FDC-42A3-9474-1A3956D46DE8}") = "Solution Items", "Solution Items", "{5AF2471C-BDCC-4DB6-8798-BD123B154212}"
	ProjectSection(SolutionItems) = preProject
		.gitignore = .gitignore
	EndProjectSection
EndProject
Project("{E24C65DC-7377-472B-9ABA-BC803B73C61A}") = "BlassaFront", "BlassaFront\", "{0E531D95-B9ED-43BE-9353-77E53C08BFF6}"
	ProjectSection(WebsiteProperties) = preProject
		TargetFrameworkMoniker = ".NETFramework,Version%3Dv4.0"
		Debug.AspNetCompiler.VirtualPath = "/localhost_60671"
		Debug.AspNetCompiler.PhysicalPath = "BlassaFront\"
		Debug.AspNetCompiler.TargetPath = "PrecompiledWeb\localhost_60671\"
		Debug.AspNetCompiler.Updateable = "true"
		Debug.AspNetCompiler.ForceOverwrite = "true"
		Debug.AspNetCompiler.FixedNames = "false"
		Debug.AspNetCompiler.Debug = "True"
		Release.AspNetCompiler.VirtualPath = "/localhost_60671"
		Release.AspNetCompiler.PhysicalPath = "BlassaFront\"
		Release.AspNetCompiler.TargetPath = "PrecompiledWeb\localhost_60671\"
		Release.AspNetCompiler.Updateable = "true"
		Release.AspNetCompiler.ForceOverwrite = "true"
		Release.AspNetCompiler.FixedNames = "false"
		Release.AspNetCompiler.Debug = "False"
		VWDPort = "60671"
	EndProjectSection
EndProject
Global
	GlobalSection(SolutionConfigurationPlatforms) = preSolution
		Debug|Any CPU = Debug|Any CPU
		Release|Any CPU = Release|Any CPU
	EndGlobalSection
	GlobalSection(ProjectConfigurationPlatforms) = postSolution
		{FF3E5765-6A08-48A7-9D44-3CC16E18EEF2}.Debug|Any CPU.ActiveCfg = Debug|Any CPU
		{FF3E5765-6A08-48A7-9D44-3CC16E18EEF2}.Debug|Any CPU.Build.0 = Debug|Any CPU
		{FF3E5765-6A08-48A7-9D44-3CC16E18EEF2}.Release|Any CPU.ActiveCfg = Release|Any CPU
		{FF3E5765-6A08-48A7-9D44-3CC16E18EEF2}.Release|Any CPU.Build.0 = Release|Any CPU
		{0E531D95-B9ED-43BE-9353-77E53C08BFF6}.Debug|Any CPU.ActiveCfg = Debug|Any CPU
		{0E531D95-B9ED-43BE-9353-77E53C08BFF6}.Debug|Any CPU.Build.0 = Debug|Any CPU
		{0E531D95-B9ED-43BE-9353-77E53C08BFF6}.Release|Any CPU.ActiveCfg = Debug|Any CPU
		{0E531D95-B9ED-43BE-9353-77E53C08BFF6}.Release|Any CPU.Build.0 = Debug|Any CPU
	EndGlobalSection
	GlobalSection(SolutionProperties) = preSolution
		HideSolutionNode = FALSE
	EndGlobalSection
	GlobalSection(ExtensibilityGlobals) = postSolution
		SolutionGuid = {51FA6FFC-F467-4030-93F3-222C6D4909CF}
	EndGlobalSection
EndGlobal
